
Microsoft Visual Studio Solution File, Format Version 12.00
# Visual Studio Version 16
VisualStudioVersion = 16.0.33027.164
MinimumVisualStudioVersion = 10.0.40219.1
Project("{FAE04EC0-301F-11D3-BF4B-00C04F79EFBC}") = "praca2", "praca2\praca2.csproj", "{88B38275-B6CB-407C-B1A4-17E44AC60ED9}"
EndProject
Global
	GlobalSection(SolutionConfigurationPlatforms) = preSolution
		Debug|Any CPU = Debug|Any CPU
		Release|Any CPU = Release|Any CPU
	EndGlobalSection
	GlobalSection(ProjectConfigurationPlatforms) = postSolution
		{88B38275-B6CB-407C-B1A4-17E44AC60ED9}.Debug|Any CPU.ActiveCfg = Debug|Any CPU
		{88B38275-B6CB-407C-B1A4-17E44AC60ED9}.Debug|Any CPU.Build.0 = Debug|Any CPU
		{88B38275-B6CB-407C-B1A4-17E44AC60ED9}.Release|Any CPU.ActiveCfg = Release|Any CPU
		{88B38275-B6CB-407C-B1A4-17E44AC60ED9}.Release|Any CPU.Build.0 = Release|Any CPU
	EndGlobalSection
	GlobalSection(SolutionProperties) = preSolution
		HideSolutionNode = FALSE
	EndGlobalSection
	GlobalSection(ExtensibilityGlobals) = postSolution
		SolutionGuid = {19858C12-49C5-43D0-A9B7-3C463A068085}
	EndGlobalSection
EndGlobal
